{
  "name": "vgmos-github-io",
  "lockfileVersion": 3,
  "requires": true,
  "packages": {
    "": {
      "name": "vgmos-github-io",
      "devDependencies": {
        "@axe-core/playwright": "4.12.1",
        "@playwright/test": "1.61.1",
        "pdfjs-dist": "5.4.624"
      },
      "engines": {
        "node": ">=24 <25"
      }
    },
    "node_modules/@axe-core/playwright": {
      "version": "4.12.1",
      "resolved": "https://registry.npmjs.org/@axe-core/playwright/-/playwright-4.12.1.tgz",
      "integrity": "sha512-rMd7xriptqKpP+w5265i4Hdkv2X5kbu6uiBi/B2I7uf3hieRBM3qDCfaKPtxfiYb2mKXfF+yLODJwIx+Jv1GDw==",
      "dev": true,
      "license": "MPL-2.0",
      "dependencies": {
        "axe-core": "~4.12.1"
      },
      "peerDependencies": {
        "playwright-core": ">= 1.0.0"
      }
    },
    "node_modules/@napi-rs/canvas": {
      "version": "0.1.100",
      "resolved": "https://registry.npmjs.org/@napi-rs/canvas/-/canvas-0.1.100.tgz",
      "integrity": "sha512-xglYA6q3XO5P3BNJYxVZ1IV7DLVjp1Py6nwag88YntrS+3vKHyYcMqXVS4ZztJmwz2uGvz1FWhI/4LgbR5uQDA==",
      "dev": true,
      "license": "MIT",
      "optional": true,
      "workspaces": [
        "e2e/*"
      ],
      "engines": {
        "node": ">= 10"
      },
      "funding": {
        "type": "github",
        "url": "https://github.com/sponsors/Brooooooklyn"
      },
      "optionalDependencies": {
        "@napi-rs/canvas-android-arm64": "0.1.100",
        "@napi-rs/canvas-darwin-arm64": "0.1.100",
        "@napi-rs/canvas-darwin-x64": "0.1.100",
        "@napi-rs/canvas-linux-arm-gnueabihf": "0.1.100",
        "@napi-rs/canvas-linux-arm64-gnu": "0.1.100",
        "@napi-rs/canvas-linux-arm64-musl": "0.1.100",
        "@napi-rs/canvas-linux-riscv64-gnu": "0.1.100",
        "@napi-rs/canvas-linux-x64-gnu": "0.1.100",
        "@napi-rs/canvas-linux-x64-musl": "0.1.100",
        "@napi-rs/canvas-win32-arm64-msvc": "0.1.100",
        "@napi-rs/canvas-win32-x64-msvc": "0.1.100"
      }
    },
    "node_modules/@napi-rs/canvas-android-arm64": {
      "version": "0.1.100",
      "resolved": "https://registry.npmjs.org/@napi-rs/canvas-android-arm64/-/canvas-android-arm64-0.1.100.tgz",
      "integrity": "sha512-hjhCKhntPv9+t4ckHymdx0phYNcVW+GKQR6Lzw2zE+pOVjOplSmtx9nNNknTjbEDLcuLZqA1y8ufKg1XfgftzQ==",
      "cpu": [
        "arm64"
      ],
      "dev": true,
      "license": "MIT",
      "optional": true,
      "os": [
        "android"
      ],
      "engines": {
        "node": ">= 10"
      },
      "funding": {
        "type": "github",
        "url": "https://github.com/sponsors/Brooooooklyn"
      }
    },
    "node_modules/@napi-rs/canvas-darwin-arm64": {
      "version": "0.1.100",
      "resolved": "https://registry.npmjs.org/@napi-rs/canvas-darwin-arm64/-/canvas-darwin-arm64-0.1.100.tgz",
      "integrity": "sha512-2PcswRaC7Ly645DGt88///zuFDhJxJYdKAs1uU3mfk1atYkXufgcgLfBpk6Tm12nCQBaNt1wpybuPZ4qOhTo8A==",
      "cpu": [
        "arm64"
      ],
      "dev": true,
      "license": "MIT",
      "optional": true,
      "os": [
        "darwin"
      ],
      "engines": {
        "node": ">= 10"
      },
      "funding": {
        "type": "github",
        "url": "https://github.com/sponsors/Brooooooklyn"
      }
    },
    "node_modules/@napi-rs/canvas-darwin-x64": {
      "version": "0.1.100",
      "resolved": "https://registry.npmjs.org/@napi-rs/canvas-darwin-x64/-/canvas-darwin-x64-0.1.100.tgz",
      "integrity": "sha512-ePNZtj7pNIva/siZMg+HmbeozkIjqUIYdoymH8HaA3qK7LfzFN4WMBM8G6HQ9ZC+H3+Dnn5pqtiXpgLykaPOhw==",
      "cpu": [
        "x64"
      ],
      "dev": true,
      "license": "MIT",
      "optional": true,
      "os": [
        "darwin"
      ],
      "engines": {
        "node": ">= 10"
      },
      "funding": {
        "type": "github",
        "url": "https://github.com/sponsors/Brooooooklyn"
      }
    },
    "node_modules/@napi-rs/canvas-linux-arm-gnueabihf": {
      "version": "0.1.100",
      "resolved": "https://registry.npmjs.org/@napi-rs/canvas-linux-arm-gnueabihf/-/canvas-linux-arm-gnueabihf-0.1.100.tgz",
      "integrity": "sha512-d5cDB48oWFGU8/XPhUOFAlySgb/VAu7D+s8fi55K1Pcfg8aPplHWqMgibhVLU8ky7Pyg/fuiVLz4Nf3JrSTuUA==",
      "cpu": [
        "arm"
      ],
      "dev": true,
      "license": "MIT",
      "optional": true,
      "os": [
        "linux"
      ],
      "engines": {
        "node": ">= 10"
      },
      "funding": {
        "type": "github",
        "url": "https://github.com/sponsors/Brooooooklyn"
      }
    },
    "node_modules/@napi-rs/canvas-linux-arm64-gnu": {
      "version": "0.1.100",
      "resolved": "https://registry.npmjs.org/@napi-rs/canvas-linux-arm64-gnu/-/canvas-linux-arm64-gnu-0.1.100.tgz",
      "integrity": "sha512-rDxgxRu69RvDlX/bh9o22DxLsGr8EqsNgotL9+RwQE1S0b0cqeatqsw6aW45mukm0B42DIAaAacKaYQ8cqS1nw==",
      "cpu": [
        "arm64"
      ],
      "dev": true,
      "libc": [
        "glibc"
      ],
      "license": "MIT",
      "optional": true,
      "os": [
        "linux"
      ],
      "engines": {
        "node": ">= 10"
      },
      "funding": {
        "type": "github",
        "url": "https://github.com/sponsors/Brooooooklyn"
      }
    },
    "node_modules/@napi-rs/canvas-linux-arm64-musl": {
      "version": "0.1.100",
      "resolved": "https://registry.npmjs.org/@napi-rs/canvas-linux-arm64-musl/-/canvas-linux-arm64-musl-0.1.100.tgz",
      "integrity": "sha512-K3mDW66N+xT2/V439u1alFANiBUjdEx2gLiNYnCmUsva5jZMxWTjafBYwTzYK+EMFMHrUoabuU+T1BIP5CgbYQ==",
      "cpu": [
        "arm64"
      ],
      "dev": true,
      "libc": [
        "musl"
      ],
      "license": "MIT",
      "optional": true,
      "os": [
        "linux"
      ],
      "engines": {
        "node": ">= 10"
      },
      "funding": {
        "type": "github",
        "url": "https://github.com/sponsors/Brooooooklyn"
      }
    },
    "node_modules/@napi-rs/canvas-linux-riscv64-gnu": {
      "version": "0.1.100",
      "resolved": "https://registry.npmjs.org/@napi-rs/canvas-linux-riscv64-gnu/-/canvas-linux-riscv64-gnu-0.1.100.tgz",
      "integrity": "sha512-mooqUBTIsccZpnoQC4NgrC1v6C1vof39etLNMnBwCY+p0gajWJvAHLGQ6g/gGyS5YrpDW+GefSN4+Cvcr08UWw==",
      "cpu": [
        "riscv64"
      ],
      "dev": true,
      "libc": [
        "glibc"
      ],
      "license": "MIT",
      "optional": true,
      "os": [
        "linux"
      ],
      "engines": {
        "node": ">= 10"
      },
      "funding": {
        "type": "github",
        "url": "https://github.com/sponsors/Brooooooklyn"
      }
    },
    "node_modules/@napi-rs/canvas-linux-x64-gnu": {
      "version": "0.1.100",
      "resolved": "https://registry.npmjs.org/@napi-rs/canvas-linux-x64-gnu/-/canvas-linux-x64-gnu-0.1.100.tgz",
      "integrity": "sha512-1eCvkDCazm7FFhsT7DfGOdSaHgZVK3bt/dSBl5EWHOWmnz+I7j8tPseJqqD81NF+MH21jKUK4wQSDjN0mdhnTg==",
      "cpu": [
        "x64"
      ],
      "dev": true,
      "libc": [
        "glibc"
      ],
      "license": "MIT",
      "optional": true,
      "os": [
        "linux"
      ],
      "engines": {
        "node": ">= 10"
      },
      "funding": {
        "type": "github",
        "url": "https://github.com/sponsors/Brooooooklyn"
      }
    },
    "node_modules/@napi-rs/canvas-linux-x64-musl": {
      "version": "0.1.100",
      "resolved": "https://registry.npmjs.org/@napi-rs/canvas-linux-x64-musl/-/canvas-linux-x64-musl-0.1.100.tgz",
      "integrity": "sha512-20arT6lnI19S68qNlii73TSEDbECNgzMz2EpldC1V3mZFuRkeujXkcebRk0LRJe9SEUAooYiLokfMViY8IX7yA==",
      "cpu": [
        "x64"
      ],
      "dev": true,
      "libc": [
        "musl"
      ],
      "license": "MIT",
      "optional": true,
      "os": [
        "linux"
      ],
      "engines": {
        "node": ">= 10"
      },
      "funding": {
        "type": "github",
        "url": "https://github.com/sponsors/Brooooooklyn"
      }
    },
    "node_modules/@napi-rs/canvas-win32-arm64-msvc": {
      "version": "0.1.100",
      "resolved": "https://registry.npmjs.org/@napi-rs/canvas-win32-arm64-msvc/-/canvas-win32-arm64-msvc-0.1.100.tgz",
      "integrity": "sha512-DZFFT1wIAg37LJw37yhMRFfjATd3vTQzjZ1Yki8u2vhO6Hi5VE6BVaGQ1aaDu7xb4iMErz+9EOwjpS7xcxFeBw==",
      "cpu": [
        "arm64"
      ],
      "dev": true,
      "license": "MIT",
      "optional": true,
      "os": [
        "win32"
      ],
      "engines": {
        "node": ">= 10"
      },
      "funding": {
        "type": "github",
        "url": "https://github.com/sponsors/Brooooooklyn"
      }
    },
    "node_modules/@napi-rs/canvas-win32-x64-msvc": {
      "version": "0.1.100",
      "resolved": "https://registry.npmjs.org/@napi-rs/canvas-win32-x64-msvc/-/canvas-win32-x64-msvc-0.1.100.tgz",
      "integrity": "sha512-MyT1j3mHC2+Lu4pBi9mKyMJhtP6U7k7EldY7sj/uS5gJA65gTXt8MefJQXLJo5d/vZbuWmfxzkEUNc/urV3pHA==",
      "cpu": [
        "x64"
      ],
      "dev": true,
      "license": "MIT",
      "optional": true,
      "os": [
        "win32"
      ],
      "engines": {
        "node": ">= 10"
      },
      "funding": {
        "type": "github",
        "url": "https://github.com/sponsors/Brooooooklyn"
      }
    },
    "node_modules/@playwright/test": {
      "version": "1.61.1",
      "resolved": "https://registry.npmjs.org/@playwright/test/-/test-1.61.1.tgz",
      "integrity": "sha512-8nKv6+0RJSL9FE4jYOEGXnPeM/Hg12qZpmqzZjRh3qM0Y7c3z1mrOTfFLids72RDQYVh9WpLEfR5WdpNX4fkig==",
      "dev": true,
      "license": "Apache-2.0",
      "dependencies": {
        "playwright": "1.61.1"
      },
      "bin": {
        "playwright": "cli.js"
      },
      "engines": {
        "node": ">=18"
      }
    },
    "node_modules/axe-core": {
      "version": "4.12.1",
      "resolved": "https://registry.npmjs.org/axe-core/-/axe-core-4.12.1.tgz",
      "integrity": "sha512-s7iGf5GaVMxEG0ENN9x+xTr7GFZCb1ZP/1uATUpCEK2X78nDB3RwbtFCo9pGAf9ru+VwoQ464DkaLEeRM08wJA==",
      "dev": true,
      "license": "MPL-2.0",
      "engines": {
        "node": ">=4"
      }
    },
    "node_modules/fsevents": {
      "version": "2.3.2",
      "resolved": "https://registry.npmjs.org/fsevents/-/fsevents-2.3.2.tgz",
      "integrity": "sha512-xiqMQR4xAeHTuB9uWm+fFRcIOgKBMiOBP+eXiyT7jsgVCq1bkVygt00oASowB7EdtpOHaaPgKt812P9ab+DDKA==",
      "dev": true,
      "hasInstallScript": true,
      "license": "MIT",
      "optional": true,
      "os": [
        "darwin"
      ],
      "engines": {
        "node": "^8.16.0 || ^10.6.0 || >=11.0.0"
      }
    },
    "node_modules/node-readable-to-web-readable-stream": {
      "version": "0.4.2",
      "resolved": "https://registry.npmjs.org/node-readable-to-web-readable-stream/-/node-readable-to-web-readable-stream-0.4.2.tgz",
      "integrity": "sha512-/cMZNI34v//jUTrI+UIo4ieHAB5EZRY/+7OmXZgBxaWBMcW2tGdceIw06RFxWxrKZ5Jp3sI2i5TsRo+CBhtVLQ==",
      "dev": true,
      "license": "MIT",
      "optional": true
    },
    "node_modules/pdfjs-dist": {
      "version": "5.4.624",
      "resolved": "https://registry.npmjs.org/pdfjs-dist/-/pdfjs-dist-5.4.624.tgz",
      "integrity": "sha512-sm6TxKTtWv1Oh6n3C6J6a8odejb5uO4A4zo/2dgkHuC0iu8ZMAXOezEODkVaoVp8nX1Xzr+0WxFJJmUr45hQzg==",
      "dev": true,
      "license": "Apache-2.0",
      "engines": {
        "node": ">=20.16.0 || >=22.3.0"
      },
      "optionalDependencies": {
        "@napi-rs/canvas": "^0.1.88",
        "node-readable-to-web-readable-stream": "^0.4.2"
      }
    },
    "node_modules/playwright": {
      "version": "1.61.1",
      "resolved": "https://registry.npmjs.org/playwright/-/playwright-1.61.1.tgz",
      "integrity": "sha512-DWnY5o3YbLWK4GovuAVwpqL+1VwGNdUGrRr++8j8PtQQzvAVZUIMjKQ90fY689sEJZJBbZVw1rXaOKSTitkzPQ==",
      "dev": true,
      "license": "Apache-2.0",
      "dependencies": {
        "playwright-core": "1.61.1"
      },
      "bin": {
        "playwright": "cli.js"
      },
      "engines": {
        "node": ">=18"
      },
      "optionalDependencies": {
        "fsevents": "2.3.2"
      }
    },
    "node_modules/playwright-core": {
      "version": "1.61.1",
      "resolved": "https://registry.npmjs.org/playwright-core/-/playwright-core-1.61.1.tgz",
      "integrity": "sha512-h7Qlt6m4REp25qvIdvbDtVmD4LqVXfpRxhORv9L0jzETM05p4fuPJ3dKyuSXQxDSbXnmS79HAgi9589lGSpLkg==",
      "dev": true,
      "license": "Apache-2.0",
      "bin": {
        "playwright-core": "cli.js"
      },
      "engines": {
        "node": ">=18"
      }
    }
  }
}
